
Microsoft Visual Studio Solution File, Format Version 12.00
# Visual Studio Version 16
VisualStudioVersion = 16.0.29519.181
MinimumVisualStudioVersion = 10.0.40219.1
Project("{FAE04EC0-301F-11D3-BF4B-00C04F79EFBC}") = "MamothDB.Server", "MamothDB.Server\MamothDB.Server.csproj", "{28A8B13B-D132-4872-8B42-5C4EDF12181D}"
EndProject
Global
	GlobalSection(SolutionConfigurationPlatforms) = preSolution
		Debug|Any CPU = Debug|Any CPU
		Release|Any CPU = Release|Any CPU
	EndGlobalSection
	GlobalSection(ProjectConfigurationPlatforms) = postSolution
		{28A8B13B-D132-4872-8B42-5C4EDF12181D}.Debug|Any CPU.ActiveCfg = Debug|Any CPU
		{28A8B13B-D132-4872-8B42-5C4EDF12181D}.Debug|Any CPU.Build.0 = Debug|Any CPU
		{28A8B13B-D132-4872-8B42-5C4EDF12181D}.Release|Any CPU.ActiveCfg = Release|Any CPU
		{28A8B13B-D132-4872-8B42-5C4EDF12181D}.Release|Any CPU.Build.0 = Release|Any CPU
	EndGlobalSection
	GlobalSection(SolutionProperties) = preSolution
		HideSolutionNode = FALSE
	EndGlobalSection
	GlobalSection(ExtensibilityGlobals) = postSolution
		SolutionGuid = {58B13495-39A9-45DC-84EA-35CDCBD19D9E}
	EndGlobalSection
EndGlobal
